
Microsoft Visual Studio Solution File, Format Version 12.00
# Visual Studio Version 17
VisualStudioVersion = 17.11.35312.102
MinimumVisualStudioVersion = 10.0.40219.1
Project("{FAE04EC0-301F-11D3-BF4B-00C04F79EFBC}") = "Laboratorio_Autenticacion", "Laboratorio_Autenticacion.csproj", "{95FF7269-5266-4FEA-911A-EC55B2A65D8A}"
EndProject
Global
	GlobalSection(SolutionConfigurationPlatforms) = preSolution
		Debug|Any CPU = Debug|Any CPU
		Release|Any CPU = Release|Any CPU
	EndGlobalSection
	GlobalSection(ProjectConfigurationPlatforms) = postSolution
		{95FF7269-5266-4FEA-911A-EC55B2A65D8A}.Debug|Any CPU.ActiveCfg = Debug|Any CPU
		{95FF7269-5266-4FEA-911A-EC55B2A65D8A}.Debug|Any CPU.Build.0 = Debug|Any CPU
		{95FF7269-5266-4FEA-911A-EC55B2A65D8A}.Release|Any CPU.ActiveCfg = Release|Any CPU
		{95FF7269-5266-4FEA-911A-EC55B2A65D8A}.Release|Any CPU.Build.0 = Release|Any CPU
	EndGlobalSection
	GlobalSection(SolutionProperties) = preSolution
		HideSolutionNode = FALSE
	EndGlobalSection
	GlobalSection(ExtensibilityGlobals) = postSolution
		SolutionGuid = {EA2729B7-23A3-46C6-8814-91BDB01B49C0}
	EndGlobalSection
EndGlobal
